
Microsoft Visual Studio Solution File, Format Version 12.00
# Visual Studio Version 17
VisualStudioVersion = 17.3.32804.467
MinimumVisualStudioVersion = 10.0.40219.1
Project("{FAE04EC0-301F-11D3-BF4B-00C04F79EFBC}") = "InternshipFinalProject", "InternshipFinalProject\InternshipFinalProject.csproj", "{61979BB8-73EA-4BC6-B4C4-2DB8338038C6}"
EndProject
Project("{FAE04EC0-301F-11D3-BF4B-00C04F79EFBC}") = "BussinesLogicLayer", "Bussines Logic Layer\BussinesLogicLayer.csproj", "{62985921-E5C2-40C1-91B6-275FF53A9C0F}"
EndProject
Project("{FAE04EC0-301F-11D3-BF4B-00C04F79EFBC}") = "Data Base Access Layer", "Data Base Access Layer\Data Base Access Layer.csproj", "{76DF47A3-2C57-4E2D-9D20-8420A1D234C2}"
EndProject
Global
	GlobalSection(SolutionConfigurationPlatforms) = preSolution
		Debug|Any CPU = Debug|Any CPU
		Release|Any CPU = Release|Any CPU
	EndGlobalSection
	GlobalSection(ProjectConfigurationPlatforms) = postSolution
		{61979BB8-73EA-4BC6-B4C4-2DB8338038C6}.Debug|Any CPU.ActiveCfg = Debug|Any CPU
		{61979BB8-73EA-4BC6-B4C4-2DB8338038C6}.Debug|Any CPU.Build.0 = Debug|Any CPU
		{61979BB8-73EA-4BC6-B4C4-2DB8338038C6}.Release|Any CPU.ActiveCfg = Release|Any CPU
		{61979BB8-73EA-4BC6-B4C4-2DB8338038C6}.Release|Any CPU.Build.0 = Release|Any CPU
		{62985921-E5C2-40C1-91B6-275FF53A9C0F}.Debug|Any CPU.ActiveCfg = Debug|Any CPU
		{62985921-E5C2-40C1-91B6-275FF53A9C0F}.Debug|Any CPU.Build.0 = Debug|Any CPU
		{62985921-E5C2-40C1-91B6-275FF53A9C0F}.Release|Any CPU.ActiveCfg = Release|Any CPU
		{62985921-E5C2-40C1-91B6-275FF53A9C0F}.Release|Any CPU.Build.0 = Release|Any CPU
		{76DF47A3-2C57-4E2D-9D20-8420A1D234C2}.Debug|Any CPU.ActiveCfg = Debug|Any CPU
		{76DF47A3-2C57-4E2D-9D20-8420A1D234C2}.Debug|Any CPU.Build.0 = Debug|Any CPU
		{76DF47A3-2C57-4E2D-9D20-8420A1D234C2}.Release|Any CPU.ActiveCfg = Release|Any CPU
		{76DF47A3-2C57-4E2D-9D20-8420A1D234C2}.Release|Any CPU.Build.0 = Release|Any CPU
	EndGlobalSection
	GlobalSection(SolutionProperties) = preSolution
		HideSolutionNode = FALSE
	EndGlobalSection
	GlobalSection(ExtensibilityGlobals) = postSolution
		SolutionGuid = {C3393787-CC7E-4B4A-94F4-2CF3E0A37531}
	EndGlobalSection
EndGlobal
